// !$*UTF8*$!
{
	archiveVersion = 1;
	classes = {
	};
	objectVersion = 46;
	objects = {

/* Begin PBXBuildFile section */
		3111B1C21B387D3400F51534 /* main.m in Sources */ = {isa = PBXBuildFile; fileRef = 3111B1C11B387D3400F51534 /* main.m */; };
		3111B1C51B387D3400F51534 /* AppDelegate.m in Sources */ = {isa = PBXBuildFile; fileRef = 3111B1C41B387D3400F51534 /* AppDelegate.m */; };
		3111B1CD1B387D3400F51534 /* Images.xcassets in Resources */ = {isa = PBXBuildFile; fileRef = 3111B1CC1B387D3400F51534 /* Images.xcassets */; };
		3111B1D01B387D3400F51534 /* LaunchScreen.xib in Resources */ = {isa = PBXBuildFile; fileRef = 3111B1CE1B387D3400F51534 /* LaunchScreen.xib */; };
		3111B1DC1B387D3500F51534 /* TacticsPrototypeTests.m in Sources */ = {isa = PBXBuildFile; fileRef = 3111B1DB1B387D3500F51534 /* TacticsPrototypeTests.m */; };
		3111B1E71B3880A700F51534 /* WorldViewController.m in Sources */ = {isa = PBXBuildFile; fileRef = 3111B1E61B3880A700F51534 /* WorldViewController.m */; };
		3111B1EA1B3881F700F51534 /* WorldView.m in Sources */ = {isa = PBXBuildFile; fileRef = 3111B1E91B3881F700F51534 /* WorldView.m */; };
		314564CD1B43167900FCE0E5 /* CombatModel.m in Sources */ = {isa = PBXBuildFile; fileRef = 314564CC1B43167900FCE0E5 /* CombatModel.m */; };
		314564D01B48D00E00FCE0E5 /* EnemyAI.m in Sources */ = {isa = PBXBuildFile; fileRef = 314564CF1B48D00E00FCE0E5 /* EnemyAI.m */; };
		314564D31B4AFEE600FCE0E5 /* LevelSetupViewController.m in Sources */ = {isa = PBXBuildFile; fileRef = 314564D21B4AFEE600FCE0E5 /* LevelSetupViewController.m */; };
		31493E551B38C577002D4380 /* PanelView.m in Sources */ = {isa = PBXBuildFile; fileRef = 31493E541B38C577002D4380 /* PanelView.m */; };
		31493E581B38D521002D4380 /* WorldState.m in Sources */ = {isa = PBXBuildFile; fileRef = 31493E571B38D521002D4380 /* WorldState.m */; };
		31493E5B1B38D93D002D4380 /* WorldLevel.m in Sources */ = {isa = PBXBuildFile; fileRef = 31493E5A1B38D93D002D4380 /* WorldLevel.m */; };
		31493E611B38DA38002D4380 /* GridOverlayDisplay.m in Sources */ = {isa = PBXBuildFile; fileRef = 31493E5E1B38DA38002D4380 /* GridOverlayDisplay.m */; };
		31493E621B38DA38002D4380 /* GridOverlayView.m in Sources */ = {isa = PBXBuildFile; fileRef = 31493E601B38DA38002D4380 /* GridOverlayView.m */; };
		31493E661B39CDB5002D4380 /* BlockDrawingView.m in Sources */ = {isa = PBXBuildFile; fileRef = 31493E651B39CDB5002D4380 /* BlockDrawingView.m */; };
		31493E691B39DA0B002D4380 /* TerrainMap.m in Sources */ = {isa = PBXBuildFile; fileRef = 31493E681B39DA0B002D4380 /* TerrainMap.m */; };
		31493E6E1B39FEDC002D4380 /* CharacterClass.m in Sources */ = {isa = PBXBuildFile; fileRef = 31493E6D1B39FEDC002D4380 /* CharacterClass.m */; };
		31493E711B3A0045002D4380 /* ContentManager.m in Sources */ = {isa = PBXBuildFile; fileRef = 31493E701B3A0045002D4380 /* ContentManager.m */; };
		31493E741B3A0162002D4380 /* WorldContent.m in Sources */ = {isa = PBXBuildFile; fileRef = 31493E731B3A0162002D4380 /* WorldContent.m */; };
		31493E771B3A03C6002D4380 /* Character.m in Sources */ = {isa = PBXBuildFile; fileRef = 31493E761B3A03C6002D4380 /* Character.m */; };
		31493E7A1B3A03DA002D4380 /* WorldObject.m in Sources */ = {isa = PBXBuildFile; fileRef = 31493E791B3A03DA002D4380 /* WorldObject.m */; };
		31493E811B3B387E002D4380 /* CharacterWorldOptions.m in Sources */ = {isa = PBXBuildFile; fileRef = 31493E801B3B387E002D4380 /* CharacterWorldOptions.m */; };
		31493E841B3B4E13002D4380 /* WorldPoint.m in Sources */ = {isa = PBXBuildFile; fileRef = 31493E831B3B4E13002D4380 /* WorldPoint.m */; };
		31493E871B3CB66D002D4380 /* Weapon.m in Sources */ = {isa = PBXBuildFile; fileRef = 31493E861B3CB66D002D4380 /* Weapon.m */; };
		31493E8A1B3CB969002D4380 /* WeaponElement.m in Sources */ = {isa = PBXBuildFile; fileRef = 31493E891B3CB969002D4380 /* WeaponElement.m */; };
		31493E8D1B3DE682002D4380 /* CharacterInfoPanel.m in Sources */ = {isa = PBXBuildFile; fileRef = 31493E8C1B3DE682002D4380 /* CharacterInfoPanel.m */; };
		31493E901B41F64D002D4380 /* CombatPreview.m in Sources */ = {isa = PBXBuildFile; fileRef = 31493E8F1B41F64D002D4380 /* CombatPreview.m */; };
		31493E931B420AC7002D4380 /* CombatPreviewView.m in Sources */ = {isa = PBXBuildFile; fileRef = 31493E921B420AC7002D4380 /* CombatPreviewView.m */; };
		317795ED1B4C88D50055068C /* CharacterStats.m in Sources */ = {isa = PBXBuildFile; fileRef = 317795EC1B4C88D50055068C /* CharacterStats.m */; };
/* End PBXBuildFile section */

/* Begin PBXContainerItemProxy section */
		3111B1D61B387D3500F51534 /* PBXContainerItemProxy */ = {
			isa = PBXContainerItemProxy;
			containerPortal = 3111B1B41B387D3400F51534 /* Project object */;
			proxyType = 1;
			remoteGlobalIDString = 3111B1BB1B387D3400F51534;
			remoteInfo = TacticsPrototype;
		};
/* End PBXContainerItemProxy section */

/* Begin PBXFileReference section */
		3111B1BC1B387D3400F51534 /* TacticsPrototype.app */ = {isa = PBXFileReference; explicitFileType = wrapper.application; includeInIndex = 0; path = TacticsPrototype.app; sourceTree = BUILT_PRODUCTS_DIR; };
		3111B1C01B387D3400F51534 /* Info.plist */ = {isa = PBXFileReference; lastKnownFileType = text.plist.xml; path = Info.plist; sourceTree = "<group>"; };
		3111B1C11B387D3400F51534 /* main.m */ = {isa = PBXFileReference; lastKnownFileType = sourcecode.c.objc; path = main.m; sourceTree = "<group>"; };
		3111B1C31B387D3400F51534 /* AppDelegate.h */ = {isa = PBXFileReference; lastKnownFileType = sourcecode.c.h; path = AppDelegate.h; sourceTree = "<group>"; };
		3111B1C41B387D3400F51534 /* AppDelegate.m */ = {isa = PBXFileReference; lastKnownFileType = sourcecode.c.objc; path = AppDelegate.m; sourceTree = "<group>"; };
		3111B1CC1B387D3400F51534 /* Images.xcassets */ = {isa = PBXFileReference; lastKnownFileType = folder.assetcatalog; path = Images.xcassets; sourceTree = "<group>"; };
		3111B1CF1B387D3400F51534 /* Base */ = {isa = PBXFileReference; lastKnownFileType = file.xib; name = Base; path = Base.lproj/LaunchScreen.xib; sourceTree = "<group>"; };
		3111B1D51B387D3500F51534 /* TacticsPrototypeTests.xctest */ = {isa = PBXFileReference; explicitFileType = wrapper.cfbundle; includeInIndex = 0; path = TacticsPrototypeTests.xctest; sourceTree = BUILT_PRODUCTS_DIR; };
		3111B1DA1B387D3500F51534 /* Info.plist */ = {isa = PBXFileReference; lastKnownFileType = text.plist.xml; path = Info.plist; sourceTree = "<group>"; };
		3111B1DB1B387D3500F51534 /* TacticsPrototypeTests.m */ = {isa = PBXFileReference; lastKnownFileType = sourcecode.c.objc; path = TacticsPrototypeTests.m; sourceTree = "<group>"; };
		3111B1E51B3880A700F51534 /* WorldViewController.h */ = {isa = PBXFileReference; fileEncoding = 4; lastKnownFileType = sourcecode.c.h; path = WorldViewController.h; sourceTree = "<group>"; };
		3111B1E61B3880A700F51534 /* WorldViewController.m */ = {isa = PBXFileReference; fileEncoding = 4; lastKnownFileType = sourcecode.c.objc; path = WorldViewController.m; sourceTree = "<group>"; };
		3111B1E81B3881F700F51534 /* WorldView.h */ = {isa = PBXFileReference; fileEncoding = 4; lastKnownFileType = sourcecode.c.h; path = WorldView.h; sourceTree = "<group>"; };
		3111B1E91B3881F700F51534 /* WorldView.m */ = {isa = PBXFileReference; fileEncoding = 4; lastKnownFileType = sourcecode.c.objc; path = WorldView.m; sourceTree = "<group>"; };
		314564CB1B43167900FCE0E5 /* CombatModel.h */ = {isa = PBXFileReference; fileEncoding = 4; lastKnownFileType = sourcecode.c.h; path = CombatModel.h; sourceTree = "<group>"; };
		314564CC1B43167900FCE0E5 /* CombatModel.m */ = {isa = PBXFileReference; fileEncoding = 4; lastKnownFileType = sourcecode.c.objc; path = CombatModel.m; sourceTree = "<group>"; };
		314564CE1B48D00E00FCE0E5 /* EnemyAI.h */ = {isa = PBXFileReference; fileEncoding = 4; lastKnownFileType = sourcecode.c.h; path = EnemyAI.h; sourceTree = "<group>"; };
		314564CF1B48D00E00FCE0E5 /* EnemyAI.m */ = {isa = PBXFileReference; fileEncoding = 4; lastKnownFileType = sourcecode.c.objc; path = EnemyAI.m; sourceTree = "<group>"; };
		314564D11B4AFEE600FCE0E5 /* LevelSetupViewController.h */ = {isa = PBXFileReference; fileEncoding = 4; lastKnownFileType = sourcecode.c.h; path = LevelSetupViewController.h; sourceTree = "<group>"; };
		314564D21B4AFEE600FCE0E5 /* LevelSetupViewController.m */ = {isa = PBXFileReference; fileEncoding = 4; lastKnownFileType = sourcecode.c.objc; path = LevelSetupViewController.m; sourceTree = "<group>"; };
		31493E531B38C577002D4380 /* PanelView.h */ = {isa = PBXFileReference; fileEncoding = 4; lastKnownFileType = sourcecode.c.h; path = PanelView.h; sourceTree = "<group>"; };
		31493E541B38C577002D4380 /* PanelView.m */ = {isa = PBXFileReference; fileEncoding = 4; lastKnownFileType = sourcecode.c.objc; path = PanelView.m; sourceTree = "<group>"; };
		31493E561B38D521002D4380 /* WorldState.h */ = {isa = PBXFileReference; fileEncoding = 4; lastKnownFileType = sourcecode.c.h; path = WorldState.h; sourceTree = "<group>"; };
		31493E571B38D521002D4380 /* WorldState.m */ = {isa = PBXFileReference; fileEncoding = 4; lastKnownFileType = sourcecode.c.objc; path = WorldState.m; sourceTree = "<group>"; };
		31493E591B38D93D002D4380 /* WorldLevel.h */ = {isa = PBXFileReference; fileEncoding = 4; lastKnownFileType = sourcecode.c.h; path = WorldLevel.h; sourceTree = "<group>"; };
		31493E5A1B38D93D002D4380 /* WorldLevel.m */ = {isa = PBXFileReference; fileEncoding = 4; lastKnownFileType = sourcecode.c.objc; path = WorldLevel.m; sourceTree = "<group>"; };
		31493E5D1B38DA38002D4380 /* GridOverlayDisplay.h */ = {isa = PBXFileReference; fileEncoding = 4; lastKnownFileType = sourcecode.c.h; path = GridOverlayDisplay.h; sourceTree = "<group>"; };
		31493E5E1B38DA38002D4380 /* GridOverlayDisplay.m */ = {isa = PBXFileReference; fileEncoding = 4; lastKnownFileType = sourcecode.c.objc; path = GridOverlayDisplay.m; sourceTree = "<group>"; };
		31493E5F1B38DA38002D4380 /* GridOverlayView.h */ = {isa = PBXFileReference; fileEncoding = 4; lastKnownFileType = sourcecode.c.h; path = GridOverlayView.h; sourceTree = "<group>"; };
		31493E601B38DA38002D4380 /* GridOverlayView.m */ = {isa = PBXFileReference; fileEncoding = 4; lastKnownFileType = sourcecode.c.objc; path = GridOverlayView.m; sourceTree = "<group>"; };
		31493E641B39CDB5002D4380 /* BlockDrawingView.h */ = {isa = PBXFileReference; fileEncoding = 4; lastKnownFileType = sourcecode.c.h; path = BlockDrawingView.h; sourceTree = "<group>"; };
		31493E651B39CDB5002D4380 /* BlockDrawingView.m */ = {isa = PBXFileReference; fileEncoding = 4; lastKnownFileType = sourcecode.c.objc; path = BlockDrawingView.m; sourceTree = "<group>"; };
		31493E671B39DA0B002D4380 /* TerrainMap.h */ = {isa = PBXFileReference; fileEncoding = 4; lastKnownFileType = sourcecode.c.h; path = TerrainMap.h; sourceTree = "<group>"; };
		31493E681B39DA0B002D4380 /* TerrainMap.m */ = {isa = PBXFileReference; fileEncoding = 4; lastKnownFileType = sourcecode.c.objc; path = TerrainMap.m; sourceTree = "<group>"; };
		31493E6C1B39FEDC002D4380 /* CharacterClass.h */ = {isa = PBXFileReference; fileEncoding = 4; lastKnownFileType = sourcecode.c.h; path = CharacterClass.h; sourceTree = "<group>"; };
		31493E6D1B39FEDC002D4380 /* CharacterClass.m */ = {isa = PBXFileReference; fileEncoding = 4; lastKnownFileType = sourcecode.c.objc; path = CharacterClass.m; sourceTree = "<group>"; };
		31493E6F1B3A0045002D4380 /* ContentManager.h */ = {isa = PBXFileReference; fileEncoding = 4; lastKnownFileType = sourcecode.c.h; path = ContentManager.h; sourceTree = "<group>"; };
		31493E701B3A0045002D4380 /* ContentManager.m */ = {isa = PBXFileReference; fileEncoding = 4; lastKnownFileType = sourcecode.c.objc; path = ContentManager.m; sourceTree = "<group>"; };
		31493E721B3A0162002D4380 /* WorldContent.h */ = {isa = PBXFileReference; fileEncoding = 4; lastKnownFileType = sourcecode.c.h; path = WorldContent.h; sourceTree = "<group>"; };
		31493E731B3A0162002D4380 /* WorldContent.m */ = {isa = PBXFileReference; fileEncoding = 4; lastKnownFileType = sourcecode.c.objc; path = WorldContent.m; sourceTree = "<group>"; };
		31493E751B3A03C6002D4380 /* Character.h */ = {isa = PBXFileReference; fileEncoding = 4; lastKnownFileType = sourcecode.c.h; path = Character.h; sourceTree = "<group>"; };
		31493E761B3A03C6002D4380 /* Character.m */ = {isa = PBXFileReference; fileEncoding = 4; lastKnownFileType = sourcecode.c.objc; path = Character.m; sourceTree = "<group>"; };
		31493E781B3A03DA002D4380 /* WorldObject.h */ = {isa = PBXFileReference; fileEncoding = 4; lastKnownFileType = sourcecode.c.h; path = WorldObject.h; sourceTree = "<group>"; };
		31493E791B3A03DA002D4380 /* WorldObject.m */ = {isa = PBXFileReference; fileEncoding = 4; lastKnownFileType = sourcecode.c.objc; path = WorldObject.m; sourceTree = "<group>"; };
		31493E7F1B3B387E002D4380 /* CharacterWorldOptions.h */ = {isa = PBXFileReference; fileEncoding = 4; lastKnownFileType = sourcecode.c.h; path = CharacterWorldOptions.h; sourceTree = "<group>"; };
		31493E801B3B387E002D4380 /* CharacterWorldOptions.m */ = {isa = PBXFileReference; fileEncoding = 4; lastKnownFileType = sourcecode.c.objc; path = CharacterWorldOptions.m; sourceTree = "<group>"; };
		31493E821B3B48CC002D4380 /* WorldPoint.h */ = {isa = PBXFileReference; lastKnownFileType = sourcecode.c.h; path = WorldPoint.h; sourceTree = "<group>"; };
		31493E831B3B4E13002D4380 /* WorldPoint.m */ = {isa = PBXFileReference; fileEncoding = 4; lastKnownFileType = sourcecode.c.objc; path = WorldPoint.m; sourceTree = "<group>"; };
		31493E851B3CB66D002D4380 /* Weapon.h */ = {isa = PBXFileReference; fileEncoding = 4; lastKnownFileType = sourcecode.c.h; path = Weapon.h; sourceTree = "<group>"; };
		31493E861B3CB66D002D4380 /* Weapon.m */ = {isa = PBXFileReference; fileEncoding = 4; lastKnownFileType = sourcecode.c.objc; path = Weapon.m; sourceTree = "<group>"; };
		31493E881B3CB969002D4380 /* WeaponElement.h */ = {isa = PBXFileReference; fileEncoding = 4; lastKnownFileType = sourcecode.c.h; path = WeaponElement.h; sourceTree = "<group>"; };
		31493E891B3CB969002D4380 /* WeaponElement.m */ = {isa = PBXFileReference; fileEncoding = 4; lastKnownFileType = sourcecode.c.objc; path = WeaponElement.m; sourceTree = "<group>"; };
		31493E8B1B3DE682002D4380 /* CharacterInfoPanel.h */ = {isa = PBXFileReference; fileEncoding = 4; lastKnownFileType = sourcecode.c.h; path = CharacterInfoPanel.h; sourceTree = "<group>"; };
		31493E8C1B3DE682002D4380 /* CharacterInfoPanel.m */ = {isa = PBXFileReference; fileEncoding = 4; lastKnownFileType = sourcecode.c.objc; path = CharacterInfoPanel.m; sourceTree = "<group>"; };
		31493E8E1B41F64D002D4380 /* CombatPreview.h */ = {isa = PBXFileReference; fileEncoding = 4; lastKnownFileType = sourcecode.c.h; path = CombatPreview.h; sourceTree = "<group>"; };
		31493E8F1B41F64D002D4380 /* CombatPreview.m */ = {isa = PBXFileReference; fileEncoding = 4; lastKnownFileType = sourcecode.c.objc; path = CombatPreview.m; sourceTree = "<group>"; };
		31493E911B420AC7002D4380 /* CombatPreviewView.h */ = {isa = PBXFileReference; fileEncoding = 4; lastKnownFileType = sourcecode.c.h; path = CombatPreviewView.h; sourceTree = "<group>"; };
		31493E921B420AC7002D4380 /* CombatPreviewView.m */ = {isa = PBXFileReference; fileEncoding = 4; lastKnownFileType = sourcecode.c.objc; path = CombatPreviewView.m; sourceTree = "<group>"; };
		317795EB1B4C88D50055068C /* CharacterStats.h */ = {isa = PBXFileReference; fileEncoding = 4; lastKnownFileType = sourcecode.c.h; path = CharacterStats.h; sourceTree = "<group>"; };
		317795EC1B4C88D50055068C /* CharacterStats.m */ = {isa = PBXFileReference; fileEncoding = 4; lastKnownFileType = sourcecode.c.objc; path = CharacterStats.m; sourceTree = "<group>"; };
/* End PBXFileReference section */

/* Begin PBXFrameworksBuildPhase section */
		3111B1B91B387D3400F51534 /* Frameworks */ = {
			isa = PBXFrameworksBuildPhase;
			buildActionMask = 2147483647;
			files = (
			);
			runOnlyForDeploymentPostprocessing = 0;
		};
		3111B1D21B387D3400F51534 /* Frameworks */ = {
			isa = PBXFrameworksBuildPhase;
			buildActionMask = 2147483647;
			files = (
			);
			runOnlyForDeploymentPostprocessing = 0;
		};
/* End PBXFrameworksBuildPhase section */

/* Begin PBXGroup section */
		3111B1B31B387D3400F51534 = {
			isa = PBXGroup;
			children = (
				3111B1BE1B387D3400F51534 /* TacticsPrototype */,
				3111B1D81B387D3500F51534 /* TacticsPrototypeTests */,
				3111B1BD1B387D3400F51534 /* Products */,
			);
			sourceTree = "<group>";
		};
		3111B1BD1B387D3400F51534 /* Products */ = {
			isa = PBXGroup;
			children = (
				3111B1BC1B387D3400F51534 /* TacticsPrototype.app */,
				3111B1D51B387D3500F51534 /* TacticsPrototypeTests.xctest */,
			);
			name = Products;
			sourceTree = "<group>";
		};
		3111B1BE1B387D3400F51534 /* TacticsPrototype */ = {
			isa = PBXGroup;
			children = (
				3111B1C31B387D3400F51534 /* AppDelegate.h */,
				3111B1C41B387D3400F51534 /* AppDelegate.m */,
				314564D11B4AFEE600FCE0E5 /* LevelSetupViewController.h */,
				314564D21B4AFEE600FCE0E5 /* LevelSetupViewController.m */,
				3111B1E51B3880A700F51534 /* WorldViewController.h */,
				3111B1E61B3880A700F51534 /* WorldViewController.m */,
				3111B1E81B3881F700F51534 /* WorldView.h */,
				3111B1E91B3881F700F51534 /* WorldView.m */,
				31493E531B38C577002D4380 /* PanelView.h */,
				31493E541B38C577002D4380 /* PanelView.m */,
				31493E641B39CDB5002D4380 /* BlockDrawingView.h */,
				31493E651B39CDB5002D4380 /* BlockDrawingView.m */,
				31493E8B1B3DE682002D4380 /* CharacterInfoPanel.h */,
				31493E8C1B3DE682002D4380 /* CharacterInfoPanel.m */,
				31493E911B420AC7002D4380 /* CombatPreviewView.h */,
				31493E921B420AC7002D4380 /* CombatPreviewView.m */,
				31493E5C1B38D9E8002D4380 /* GridOverlay */,
				3111B1EE1B38862D00F51534 /* Model */,
				3111B1CC1B387D3400F51534 /* Images.xcassets */,
				3111B1CE1B387D3400F51534 /* LaunchScreen.xib */,
				3111B1BF1B387D3400F51534 /* Supporting Files */,
			);
			path = TacticsPrototype;
			sourceTree = "<group>";
		};
		3111B1BF1B387D3400F51534 /* Supporting Files */ = {
			isa = PBXGroup;
			children = (
				3111B1C01B387D3400F51534 /* Info.plist */,
				3111B1C11B387D3400F51534 /* main.m */,
			);
			name = "Supporting Files";
			sourceTree = "<group>";
		};
		3111B1D81B387D3500F51534 /* TacticsPrototypeTests */ = {
			isa = PBXGroup;
			children = (
				3111B1DB1B387D3500F51534 /* TacticsPrototypeTests.m */,
				3111B1D91B387D3500F51534 /* Supporting Files */,
			);
			path = TacticsPrototypeTests;
			sourceTree = "<group>";
		};
		3111B1D91B387D3500F51534 /* Supporting Files */ = {
			isa = PBXGroup;
			children = (
				3111B1DA1B387D3500F51534 /* Info.plist */,
			);
			name = "Supporting Files";
			sourceTree = "<group>";
		};
		3111B1EE1B38862D00F51534 /* Model */ = {
			isa = PBXGroup;
			children = (
				31493E821B3B48CC002D4380 /* WorldPoint.h */,
				31493E831B3B4E13002D4380 /* WorldPoint.m */,
				31493E591B38D93D002D4380 /* WorldLevel.h */,
				31493E5A1B38D93D002D4380 /* WorldLevel.m */,
				31493E561B38D521002D4380 /* WorldState.h */,
				31493E571B38D521002D4380 /* WorldState.m */,
				31493E671B39DA0B002D4380 /* TerrainMap.h */,
				31493E681B39DA0B002D4380 /* TerrainMap.m */,
				31493E7F1B3B387E002D4380 /* CharacterWorldOptions.h */,
				31493E801B3B387E002D4380 /* CharacterWorldOptions.m */,
				31493E8E1B41F64D002D4380 /* CombatPreview.h */,
				31493E8F1B41F64D002D4380 /* CombatPreview.m */,
				314564CB1B43167900FCE0E5 /* CombatModel.h */,
				314564CC1B43167900FCE0E5 /* CombatModel.m */,
				314564CE1B48D00E00FCE0E5 /* EnemyAI.h */,
				314564CF1B48D00E00FCE0E5 /* EnemyAI.m */,
				31493E7E1B3A0DE2002D4380 /* Content */,
				31493E781B3A03DA002D4380 /* WorldObject.h */,
				31493E791B3A03DA002D4380 /* WorldObject.m */,
				31493E751B3A03C6002D4380 /* Character.h */,
				31493E761B3A03C6002D4380 /* Character.m */,
				317795EB1B4C88D50055068C /* CharacterStats.h */,
				317795EC1B4C88D50055068C /* CharacterStats.m */,
			);
			path = Model;
			sourceTree = "<group>";
		};
		31493E5C1B38D9E8002D4380 /* GridOverlay */ = {
			isa = PBXGroup;
			children = (
				31493E5F1B38DA38002D4380 /* GridOverlayView.h */,
				31493E601B38DA38002D4380 /* GridOverlayView.m */,
				31493E5D1B38DA38002D4380 /* GridOverlayDisplay.h */,
				31493E5E1B38DA38002D4380 /* GridOverlayDisplay.m */,
			);
			path = GridOverlay;
			sourceTree = "<group>";
		};
		31493E7E1B3A0DE2002D4380 /* Content */ = {
			isa = PBXGroup;
			children = (
				31493E6F1B3A0045002D4380 /* ContentManager.h */,
				31493E701B3A0045002D4380 /* ContentManager.m */,
				31493E721B3A0162002D4380 /* WorldContent.h */,
				31493E731B3A0162002D4380 /* WorldContent.m */,
				31493E6C1B39FEDC002D4380 /* CharacterClass.h */,
				31493E6D1B39FEDC002D4380 /* CharacterClass.m */,
				31493E851B3CB66D002D4380 /* Weapon.h */,
				31493E861B3CB66D002D4380 /* Weapon.m */,
				31493E881B3CB969002D4380 /* WeaponElement.h */,
				31493E891B3CB969002D4380 /* WeaponElement.m */,
			);
			name = Content;
			sourceTree = "<group>";
		};
/* End PBXGroup section */

/* Begin PBXNativeTarget section */
		3111B1BB1B387D3400F51534 /* TacticsPrototype */ = {
			isa = PBXNativeTarget;
			buildConfigurationList = 3111B1DF1B387D3500F51534 /* Build configuration list for PBXNativeTarget "TacticsPrototype" */;
			buildPhases = (
				3111B1B81B387D3400F51534 /* Sources */,
				3111B1B91B387D3400F51534 /* Frameworks */,
				3111B1BA1B387D3400F51534 /* Resources */,
			);
			buildRules = (
			);
			dependencies = (
			);
			name = TacticsPrototype;
			productName = TacticsPrototype;
			productReference = 3111B1BC1B387D3400F51534 /* TacticsPrototype.app */;
			productType = "com.apple.product-type.application";
		};
		3111B1D41B387D3400F51534 /* TacticsPrototypeTests */ = {
			isa = PBXNativeTarget;
			buildConfigurationList = 3111B1E21B387D3500F51534 /* Build configuration list for PBXNativeTarget "TacticsPrototypeTests" */;
			buildPhases = (
				3111B1D11B387D3400F51534 /* Sources */,
				3111B1D21B387D3400F51534 /* Frameworks */,
				3111B1D31B387D3400F51534 /* Resources */,
			);
			buildRules = (
			);
			dependencies = (
				3111B1D71B387D3500F51534 /* PBXTargetDependency */,
			);
			name = TacticsPrototypeTests;
			productName = TacticsPrototypeTests;
			productReference = 3111B1D51B387D3500F51534 /* TacticsPrototypeTests.xctest */;
			productType = "com.apple.product-type.bundle.unit-test";
		};
/* End PBXNativeTarget section */

/* Begin PBXProject section */
		3111B1B41B387D3400F51534 /* Project object */ = {
			isa = PBXProject;
			attributes = {
				LastUpgradeCheck = 0700;
				ORGANIZATIONNAME = "Asgardian Games";
				TargetAttributes = {
					3111B1BB1B387D3400F51534 = {
						CreatedOnToolsVersion = 6.3.2;
						DevelopmentTeam = L35P93UVUQ;
					};
					3111B1D41B387D3400F51534 = {
						CreatedOnToolsVersion = 6.3.2;
						TestTargetID = 3111B1BB1B387D3400F51534;
					};
				};
			};
			buildConfigurationList = 3111B1B71B387D3400F51534 /* Build configuration list for PBXProject "TacticsPrototype" */;
			compatibilityVersion = "Xcode 3.2";
			developmentRegion = English;
			hasScannedForEncodings = 0;
			knownRegions = (
				en,
				Base,
			);
			mainGroup = 3111B1B31B387D3400F51534;
			productRefGroup = 3111B1BD1B387D3400F51534 /* Products */;
			projectDirPath = "";
			projectRoot = "";
			targets = (
				3111B1BB1B387D3400F51534 /* TacticsPrototype */,
				3111B1D41B387D3400F51534 /* TacticsPrototypeTests */,
			);
		};
/* End PBXProject section */

/* Begin PBXResourcesBuildPhase section */
		3111B1BA1B387D3400F51534 /* Resources */ = {
			isa = PBXResourcesBuildPhase;
			buildActionMask = 2147483647;
			files = (
				3111B1D01B387D3400F51534 /* LaunchScreen.xib in Resources */,
				3111B1CD1B387D3400F51534 /* Images.xcassets in Resources */,
			);
			runOnlyForDeploymentPostprocessing = 0;
		};
		3111B1D31B387D3400F51534 /* Resources */ = {
			isa = PBXResourcesBuildPhase;
			buildActionMask = 2147483647;
			files = (
			);
			runOnlyForDeploymentPostprocessing = 0;
		};
/* End PBXResourcesBuildPhase section */

/* Begin PBXSourcesBuildPhase section */
		3111B1B81B387D3400F51534 /* Sources */ = {
			isa = PBXSourcesBuildPhase;
			buildActionMask = 2147483647;
			files = (
				317795ED1B4C88D50055068C /* CharacterStats.m in Sources */,
				31493E581B38D521002D4380 /* WorldState.m in Sources */,
				314564D01B48D00E00FCE0E5 /* EnemyAI.m in Sources */,
				31493E5B1B38D93D002D4380 /* WorldLevel.m in Sources */,
				314564D31B4AFEE600FCE0E5 /* LevelSetupViewController.m in Sources */,
				31493E871B3CB66D002D4380 /* Weapon.m in Sources */,
				31493E711B3A0045002D4380 /* ContentManager.m in Sources */,
				31493E6E1B39FEDC002D4380 /* CharacterClass.m in Sources */,
				3111B1C51B387D3400F51534 /* AppDelegate.m in Sources */,
				31493E901B41F64D002D4380 /* CombatPreview.m in Sources */,
				31493E931B420AC7002D4380 /* CombatPreviewView.m in Sources */,
				31493E8D1B3DE682002D4380 /* CharacterInfoPanel.m in Sources */,
				31493E691B39DA0B002D4380 /* TerrainMap.m in Sources */,
				31493E551B38C577002D4380 /* PanelView.m in Sources */,
				31493E7A1B3A03DA002D4380 /* WorldObject.m in Sources */,
				3111B1EA1B3881F700F51534 /* WorldView.m in Sources */,
				31493E741B3A0162002D4380 /* WorldContent.m in Sources */,
				31493E611B38DA38002D4380 /* GridOverlayDisplay.m in Sources */,
				3111B1C21B387D3400F51534 /* main.m in Sources */,
				31493E771B3A03C6002D4380 /* Character.m in Sources */,
				31493E811B3B387E002D4380 /* CharacterWorldOptions.m in Sources */,
				3111B1E71B3880A700F51534 /* WorldViewController.m in Sources */,
				31493E841B3B4E13002D4380 /* WorldPoint.m in Sources */,
				31493E621B38DA38002D4380 /* GridOverlayView.m in Sources */,
				31493E8A1B3CB969002D4380 /* WeaponElement.m in Sources */,
				31493E661B39CDB5002D4380 /* BlockDrawingView.m in Sources */,
				314564CD1B43167900FCE0E5 /* CombatModel.m in Sources */,
			);
			runOnlyForDeploymentPostprocessing = 0;
		};
		3111B1D11B387D3400F51534 /* Sources */ = {
			isa = PBXSourcesBuildPhase;
			buildActionMask = 2147483647;
			files = (
				3111B1DC1B387D3500F51534 /* TacticsPrototypeTests.m in Sources */,
			);
			runOnlyForDeploymentPostprocessing = 0;
		};
/* End PBXSourcesBuildPhase section */

/* Begin PBXTargetDependency section */
		3111B1D71B387D3500F51534 /* PBXTargetDependency */ = {
			isa = PBXTargetDependency;
			target = 3111B1BB1B387D3400F51534 /* TacticsPrototype */;
			targetProxy = 3111B1D61B387D3500F51534 /* PBXContainerItemProxy */;
		};
/* End PBXTargetDependency section */

/* Begin PBXVariantGroup section */
		3111B1CE1B387D3400F51534 /* LaunchScreen.xib */ = {
			isa = PBXVariantGroup;
			children = (
				3111B1CF1B387D3400F51534 /* Base */,
			);
			name = LaunchScreen.xib;
			sourceTree = "<group>";
		};
/* End PBXVariantGroup section */

/* Begin XCBuildConfiguration section */
		3111B1DD1B387D3500F51534 /* Debug */ = {
			isa = XCBuildConfiguration;
			buildSettings = {
				ALWAYS_SEARCH_USER_PATHS = NO;
				CLANG_CXX_LANGUAGE_STANDARD = "gnu++0x";
				CLANG_CXX_LIBRARY = "libc++";
				CLANG_ENABLE_MODULES = YES;
				CLANG_ENABLE_OBJC_ARC = YES;
				CLANG_WARN_BOOL_CONVERSION = YES;
				CLANG_WARN_CONSTANT_CONVERSION = YES;
				CLANG_WARN_DIRECT_OBJC_ISA_USAGE = YES_ERROR;
				CLANG_WARN_EMPTY_BODY = YES;
				CLANG_WARN_ENUM_CONVERSION = YES;
				CLANG_WARN_INT_CONVERSION = YES;
				CLANG_WARN_OBJC_ROOT_CLASS = YES_ERROR;
				CLANG_WARN_UNREACHABLE_CODE = YES;
				CLANG_WARN__DUPLICATE_METHOD_MATCH = YES;
				"CODE_SIGN_IDENTITY[sdk=iphoneos*]" = "iPhone Developer";
				COPY_PHASE_STRIP = NO;
				DEBUG_INFORMATION_FORMAT = "dwarf-with-dsym";
				ENABLE_STRICT_OBJC_MSGSEND = YES;
				ENABLE_TESTABILITY = YES;
				GCC_C_LANGUAGE_STANDARD = gnu99;
				GCC_DYNAMIC_NO_PIC = NO;
				GCC_NO_COMMON_BLOCKS = YES;
				GCC_OPTIMIZATION_LEVEL = 0;
				GCC_PREPROCESSOR_DEFINITIONS = (
					"DEBUG=1",
					"$(inherited)",
				);
				GCC_SYMBOLS_PRIVATE_EXTERN = NO;
				GCC_WARN_64_TO_32_BIT_CONVERSION = YES;
				GCC_WARN_ABOUT_RETURN_TYPE = YES_ERROR;
				GCC_WARN_UNDECLARED_SELECTOR = YES;
				GCC_WARN_UNINITIALIZED_AUTOS = YES_AGGRESSIVE;
				GCC_WARN_UNUSED_FUNCTION = YES;
				GCC_WARN_UNUSED_VARIABLE = YES;
				IPHONEOS_DEPLOYMENT_TARGET = 8.3;
				MTL_ENABLE_DEBUG_INFO = YES;
				ONLY_ACTIVE_ARCH = YES;
				SDKROOT = iphoneos;
				TARGETED_DEVICE_FAMILY = "1,2";
			};
			name = Debug;
		};
		3111B1DE1B387D3500F51534 /* Release */ = {
			isa = XCBuildConfiguration;
			buildSettings = {
				ALWAYS_SEARCH_USER_PATHS = NO;
				CLANG_CXX_LANGUAGE_STANDARD = "gnu++0x";
				CLANG_CXX_LIBRARY = "libc++";
				CLANG_ENABLE_MODULES = YES;
				CLANG_ENABLE_OBJC_ARC = YES;
				CLANG_WARN_BOOL_CONVERSION = YES;
				CLANG_WARN_CONSTANT_CONVERSION = YES;
				CLANG_WARN_DIRECT_OBJC_ISA_USAGE = YES_ERROR;
				CLANG_WARN_EMPTY_BODY = YES;
				CLANG_WARN_ENUM_CONVERSION = YES;
				CLANG_WARN_INT_CONVERSION = YES;
				CLANG_WARN_OBJC_ROOT_CLASS = YES_ERROR;
				CLANG_WARN_UNREACHABLE_CODE = YES;
				CLANG_WARN__DUPLICATE_METHOD_MATCH = YES;
				"CODE_SIGN_IDENTITY[sdk=iphoneos*]" = "iPhone Developer";
				COPY_PHASE_STRIP = NO;
				DEBUG_INFORMATION_FORMAT = "dwarf-with-dsym";
				ENABLE_NS_ASSERTIONS = NO;
				ENABLE_STRICT_OBJC_MSGSEND = YES;
				GCC_C_LANGUAGE_STANDARD = gnu99;
				GCC_NO_COMMON_BLOCKS = YES;
				GCC_WARN_64_TO_32_BIT_CONVERSION = YES;
				GCC_WARN_ABOUT_RETURN_TYPE = YES_ERROR;
				GCC_WARN_UNDECLARED_SELECTOR = YES;
				GCC_WARN_UNINITIALIZED_AUTOS = YES_AGGRESSIVE;
				GCC_WARN_UNUSED_FUNCTION = YES;
				GCC_WARN_UNUSED_VARIABLE = YES;
				IPHONEOS_DEPLOYMENT_TARGET = 8.3;
				MTL_ENABLE_DEBUG_INFO = NO;
				SDKROOT = iphoneos;
				TARGETED_DEVICE_FAMILY = "1,2";
				VALIDATE_PRODUCT = YES;
			};
			name = Release;
		};
		3111B1E01B387D3500F51534 /* Debug */ = {
			isa = XCBuildConfiguration;
			buildSettings = {
				ASSETCATALOG_COMPILER_APPICON_NAME = AppIcon;
				CODE_SIGN_IDENTITY = "iPhone Developer";
				"CODE_SIGN_IDENTITY[sdk=iphoneos*]" = "iPhone Developer";
				INFOPLIST_FILE = TacticsPrototype/Info.plist;
				LD_RUNPATH_SEARCH_PATHS = "$(inherited) @executable_path/Frameworks";
				PRODUCT_BUNDLE_IDENTIFIER = "com.asgardian.$(PRODUCT_NAME:rfc1034identifier)";
				PRODUCT_NAME = "$(TARGET_NAME)";
				PROVISIONING_PROFILE = "";
			};
			name = Debug;
		};
		3111B1E11B387D3500F51534 /* Release */ = {
			isa = XCBuildConfiguration;
			buildSettings = {
				ASSETCATALOG_COMPILER_APPICON_NAME = AppIcon;
				CODE_SIGN_IDENTITY = "iPhone Developer";
				"CODE_SIGN_IDENTITY[sdk=iphoneos*]" = "iPhone Developer";
				INFOPLIST_FILE = TacticsPrototype/Info.plist;
				LD_RUNPATH_SEARCH_PATHS = "$(inherited) @executable_path/Frameworks";
				PRODUCT_BUNDLE_IDENTIFIER = "com.asgardian.$(PRODUCT_NAME:rfc1034identifier)";
				PRODUCT_NAME = "$(TARGET_NAME)";
				PROVISIONING_PROFILE = "";
			};
			name = Release;
		};
		3111B1E31B387D3500F51534 /* Debug */ = {
			isa = XCBuildConfiguration;
			buildSettings = {
				BUNDLE_LOADER = "$(TEST_HOST)";
				FRAMEWORK_SEARCH_PATHS = (
					"$(SDKROOT)/Developer/Library/Frameworks",
					"$(inherited)",
				);
				GCC_PREPROCESSOR_DEFINITIONS = (
					"DEBUG=1",
					"$(inherited)",
				);
				INFOPLIST_FILE = TacticsPrototypeTests/Info.plist;
				LD_RUNPATH_SEARCH_PATHS = "$(inherited) @executable_path/Frameworks @loader_path/Frameworks";
				PRODUCT_BUNDLE_IDENTIFIER = "com.asgardian.$(PRODUCT_NAME:rfc1034identifier)";
				PRODUCT_NAME = "$(TARGET_NAME)";
				TEST_HOST = "$(BUILT_PRODUCTS_DIR)/TacticsPrototype.app/TacticsPrototype";
			};
			name = Debug;
		};
		3111B1E41B387D3500F51534 /* Release */ = {
			isa = XCBuildConfiguration;
			buildSettings = {
				BUNDLE_LOADER = "$(TEST_HOST)";
				FRAMEWORK_SEARCH_PATHS = (
					"$(SDKROOT)/Developer/Library/Frameworks",
					"$(inherited)",
				);
				INFOPLIST_FILE = TacticsPrototypeTests/Info.plist;
				LD_RUNPATH_SEARCH_PATHS = "$(inherited) @executable_path/Frameworks @loader_path/Frameworks";
				PRODUCT_BUNDLE_IDENTIFIER = "com.asgardian.$(PRODUCT_NAME:rfc1034identifier)";
				PRODUCT_NAME = "$(TARGET_NAME)";
				TEST_HOST = "$(BUILT_PRODUCTS_DIR)/TacticsPrototype.app/TacticsPrototype";
			};
			name = Release;
		};
/* End XCBuildConfiguration section */

/* Begin XCConfigurationList section */
		3111B1B71B387D3400F51534 /* Build configuration list for PBXProject "TacticsPrototype" */ = {
			isa = XCConfigurationList;
			buildConfigurations = (
				3111B1DD1B387D3500F51534 /* Debug */,
				3111B1DE1B387D3500F51534 /* Release */,
			);
			defaultConfigurationIsVisible = 0;
			defaultConfigurationName = Release;
		};
		3111B1DF1B387D3500F51534 /* Build configuration list for PBXNativeTarget "TacticsPrototype" */ = {
			isa = XCConfigurationList;
			buildConfigurations = (
				3111B1E01B387D3500F51534 /* Debug */,
				3111B1E11B387D3500F51534 /* Release */,
			);
			defaultConfigurationIsVisible = 0;
			defaultConfigurationName = Release;
		};
		3111B1E21B387D3500F51534 /* Build configuration list for PBXNativeTarget "TacticsPrototypeTests" */ = {
			isa = XCConfigurationList;
			buildConfigurations = (
				3111B1E31B387D3500F51534 /* Debug */,
				3111B1E41B387D3500F51534 /* Release */,
			);
			defaultConfigurationIsVisible = 0;
			defaultConfigurationName = Release;
		};
/* End XCConfigurationList section */
	};
	rootObject = 3111B1B41B387D3400F51534 /* Project object */;
}
